
Microsoft Visual Studio Solution File, Format Version 12.00
# Visual Studio 2013
VisualStudioVersion = 12.0.21005.1
MinimumVisualStudioVersion = 10.0.40219.1
Project("{FAE04EC0-301F-11D3-BF4B-00C04F79EFBC}") = "SGSP.eAdventure", "SGSP.eAdventure\SGSP.eAdventure.csproj", "{FAD19ED3-EFAF-4FA7-ADC3-4804D65FF47A}"
EndProject
Project("{FAE04EC0-301F-11D3-BF4B-00C04F79EFBC}") = "SGSP.Converter", "SGSP.Converter\SGSP.Converter.csproj", "{707C4B8D-889B-403C-9AA4-81AFBC7A3C65}"
EndProject
Project("{FAE04EC0-301F-11D3-BF4B-00C04F79EFBC}") = "SGSP.Gui", "SGSP.Gui\SGSP.Gui.csproj", "{75BE4C5E-0002-4C4A-A671-A4E9D4F25B20}"
EndProject
Global
	GlobalSection(SolutionConfigurationPlatforms) = preSolution
		Debug|Any CPU = Debug|Any CPU
		Release|Any CPU = Release|Any CPU
	EndGlobalSection
	GlobalSection(ProjectConfigurationPlatforms) = postSolution
		{FAD19ED3-EFAF-4FA7-ADC3-4804D65FF47A}.Debug|Any CPU.ActiveCfg = Debug|Any CPU
		{FAD19ED3-EFAF-4FA7-ADC3-4804D65FF47A}.Debug|Any CPU.Build.0 = Debug|Any CPU
		{FAD19ED3-EFAF-4FA7-ADC3-4804D65FF47A}.Release|Any CPU.ActiveCfg = Release|Any CPU
		{FAD19ED3-EFAF-4FA7-ADC3-4804D65FF47A}.Release|Any CPU.Build.0 = Release|Any CPU
		{707C4B8D-889B-403C-9AA4-81AFBC7A3C65}.Debug|Any CPU.ActiveCfg = Debug|Any CPU
		{707C4B8D-889B-403C-9AA4-81AFBC7A3C65}.Debug|Any CPU.Build.0 = Debug|Any CPU
		{707C4B8D-889B-403C-9AA4-81AFBC7A3C65}.Release|Any CPU.ActiveCfg = Release|Any CPU
		{707C4B8D-889B-403C-9AA4-81AFBC7A3C65}.Release|Any CPU.Build.0 = Release|Any CPU
		{75BE4C5E-0002-4C4A-A671-A4E9D4F25B20}.Debug|Any CPU.ActiveCfg = Debug|Any CPU
		{75BE4C5E-0002-4C4A-A671-A4E9D4F25B20}.Debug|Any CPU.Build.0 = Debug|Any CPU
		{75BE4C5E-0002-4C4A-A671-A4E9D4F25B20}.Release|Any CPU.ActiveCfg = Release|Any CPU
		{75BE4C5E-0002-4C4A-A671-A4E9D4F25B20}.Release|Any CPU.Build.0 = Release|Any CPU
	EndGlobalSection
	GlobalSection(SolutionProperties) = preSolution
		HideSolutionNode = FALSE
	EndGlobalSection
EndGlobal
